
Microsoft Visual Studio Solution File, Format Version 12.00
# Visual Studio 15
VisualStudioVersion = 15.0.28307.421
MinimumVisualStudioVersion = 10.0.40219.1
Project("{FAE04EC0-301F-11D3-BF4B-00C04F79EFBC}") = "EntityFrameworkHomework.Data", "EntityFrameworkHomework.Data\EntityFrameworkHomework.Data.csproj", "{36C4C995-5384-4D51-8B0A-3AA11D6B0AFC}"
EndProject
Project("{FAE04EC0-301F-11D3-BF4B-00C04F79EFBC}") = "EntityFramework.Console", "EntityFramework.Console\EntityFramework.Console.csproj", "{BC183C95-B685-4D90-B866-2BBCA6ED7E97}"
EndProject
Project("{FAE04EC0-301F-11D3-BF4B-00C04F79EFBC}") = "EntityFramework.DataAccess", "EntityFramework.DataAccess\EntityFramework.DataAccess.csproj", "{3274B6D3-0D6A-4CB8-94EC-F8AC73BA4A65}"
EndProject
Global
	GlobalSection(SolutionConfigurationPlatforms) = preSolution
		Debug|Any CPU = Debug|Any CPU
		Release|Any CPU = Release|Any CPU
	EndGlobalSection
	GlobalSection(ProjectConfigurationPlatforms) = postSolution
		{36C4C995-5384-4D51-8B0A-3AA11D6B0AFC}.Debug|Any CPU.ActiveCfg = Debug|Any CPU
		{36C4C995-5384-4D51-8B0A-3AA11D6B0AFC}.Debug|Any CPU.Build.0 = Debug|Any CPU
		{36C4C995-5384-4D51-8B0A-3AA11D6B0AFC}.Release|Any CPU.ActiveCfg = Release|Any CPU
		{36C4C995-5384-4D51-8B0A-3AA11D6B0AFC}.Release|Any CPU.Build.0 = Release|Any CPU
		{BC183C95-B685-4D90-B866-2BBCA6ED7E97}.Debug|Any CPU.ActiveCfg = Debug|Any CPU
		{BC183C95-B685-4D90-B866-2BBCA6ED7E97}.Debug|Any CPU.Build.0 = Debug|Any CPU
		{BC183C95-B685-4D90-B866-2BBCA6ED7E97}.Release|Any CPU.ActiveCfg = Release|Any CPU
		{BC183C95-B685-4D90-B866-2BBCA6ED7E97}.Release|Any CPU.Build.0 = Release|Any CPU
		{3274B6D3-0D6A-4CB8-94EC-F8AC73BA4A65}.Debug|Any CPU.ActiveCfg = Debug|Any CPU
		{3274B6D3-0D6A-4CB8-94EC-F8AC73BA4A65}.Debug|Any CPU.Build.0 = Debug|Any CPU
		{3274B6D3-0D6A-4CB8-94EC-F8AC73BA4A65}.Release|Any CPU.ActiveCfg = Release|Any CPU
		{3274B6D3-0D6A-4CB8-94EC-F8AC73BA4A65}.Release|Any CPU.Build.0 = Release|Any CPU
	EndGlobalSection
	GlobalSection(SolutionProperties) = preSolution
		HideSolutionNode = FALSE
	EndGlobalSection
	GlobalSection(ExtensibilityGlobals) = postSolution
		SolutionGuid = {06120277-10D3-4FA3-ABD2-B27585395798}
	EndGlobalSection
EndGlobal
